
Microsoft Visual Studio Solution File, Format Version 12.00
# Visual Studio Version 17
VisualStudioVersion = 17.1.32210.238
MinimumVisualStudioVersion = 10.0.40219.1
Project("{9A19103F-16F7-4668-BE54-9A1E7A4F7556}") = "SuperHeroAPI", "SuperAPI\SuperHeroAPI.csproj", "{11FFE711-DF23-4C55-B6DA-599013B83148}"
EndProject
Global
	GlobalSection(SolutionConfigurationPlatforms) = preSolution
		Debug|Any CPU = Debug|Any CPU
		Release|Any CPU = Release|Any CPU
	EndGlobalSection
	GlobalSection(ProjectConfigurationPlatforms) = postSolution
		{11FFE711-DF23-4C55-B6DA-599013B83148}.Debug|Any CPU.ActiveCfg = Debug|Any CPU
		{11FFE711-DF23-4C55-B6DA-599013B83148}.Debug|Any CPU.Build.0 = Debug|Any CPU
		{11FFE711-DF23-4C55-B6DA-599013B83148}.Release|Any CPU.ActiveCfg = Release|Any CPU
		{11FFE711-DF23-4C55-B6DA-599013B83148}.Release|Any CPU.Build.0 = Release|Any CPU
	EndGlobalSection
	GlobalSection(SolutionProperties) = preSolution
		HideSolutionNode = FALSE
	EndGlobalSection
	GlobalSection(ExtensibilityGlobals) = postSolution
		SolutionGuid = {3D472948-A4FA-4972-BB14-07A762222A97}
	EndGlobalSection
EndGlobal
